
Microsoft Visual Studio Solution File, Format Version 12.00
# Visual Studio Version 16
VisualStudioVersion = 16.0.31410.357
MinimumVisualStudioVersion = 10.0.40219.1
Project("{FAE04EC0-301F-11D3-BF4B-00C04F79EFBC}") = "VidOnDemand", "VidOnDemand.csproj", "{26F5254A-2BFD-40F1-A3CB-223346FE3A98}"
EndProject
Global
	GlobalSection(SolutionConfigurationPlatforms) = preSolution
		Debug|Any CPU = Debug|Any CPU
		Release|Any CPU = Release|Any CPU
	EndGlobalSection
	GlobalSection(ProjectConfigurationPlatforms) = postSolution
		{26F5254A-2BFD-40F1-A3CB-223346FE3A98}.Debug|Any CPU.ActiveCfg = Debug|Any CPU
		{26F5254A-2BFD-40F1-A3CB-223346FE3A98}.Debug|Any CPU.Build.0 = Debug|Any CPU
		{26F5254A-2BFD-40F1-A3CB-223346FE3A98}.Release|Any CPU.ActiveCfg = Release|Any CPU
		{26F5254A-2BFD-40F1-A3CB-223346FE3A98}.Release|Any CPU.Build.0 = Release|Any CPU
	EndGlobalSection
	GlobalSection(SolutionProperties) = preSolution
		HideSolutionNode = FALSE
	EndGlobalSection
	GlobalSection(ExtensibilityGlobals) = postSolution
		SolutionGuid = {8EB99E9E-3B97-4E81-A723-99B860B1466C}
	EndGlobalSection
EndGlobal
